
Microsoft Visual Studio Solution File, Format Version 12.00
# Visual Studio Version 17
VisualStudioVersion = 17.14.36623.8 d17.14
MinimumVisualStudioVersion = 10.0.40219.1
Project("{FAE04EC0-301F-11D3-BF4B-00C04F79EFBC}") = "TrueCounsel.Domain.UnitTests", "TrueCounsel.Domain.UnitTests.csproj", "{0140737D-B500-A920-ED28-A4EF1CA2A794}"
EndProject
Global
	GlobalSection(SolutionConfigurationPlatforms) = preSolution
		Debug|Any CPU = Debug|Any CPU
		Release|Any CPU = Release|Any CPU
	EndGlobalSection
	GlobalSection(ProjectConfigurationPlatforms) = postSolution
		{0140737D-B500-A920-ED28-A4EF1CA2A794}.Debug|Any CPU.ActiveCfg = Debug|Any CPU
		{0140737D-B500-A920-ED28-A4EF1CA2A794}.Debug|Any CPU.Build.0 = Debug|Any CPU
		{0140737D-B500-A920-ED28-A4EF1CA2A794}.Release|Any CPU.ActiveCfg = Release|Any CPU
		{0140737D-B500-A920-ED28-A4EF1CA2A794}.Release|Any CPU.Build.0 = Release|Any CPU
	EndGlobalSection
	GlobalSection(SolutionProperties) = preSolution
		HideSolutionNode = FALSE
	EndGlobalSection
	GlobalSection(ExtensibilityGlobals) = postSolution
		SolutionGuid = {DE3C1A2D-39C1-4068-9B2E-24ADFA3814D5}
	EndGlobalSection
EndGlobal
