
Microsoft Visual Studio Solution File, Format Version 12.00
# Visual Studio Version 17
VisualStudioVersion = 17.14.36623.8 d17.14
MinimumVisualStudioVersion = 10.0.40219.1
Project("{FAE04EC0-301F-11D3-BF4B-00C04F79EFBC}") = "TrueCounsel.API.IntegrationTests", "TrueCounsel.API.IntegrationTests.csproj", "{CEBFAC56-79BD-E98D-4C11-A75974B4151C}"
EndProject
Global
	GlobalSection(SolutionConfigurationPlatforms) = preSolution
		Debug|Any CPU = Debug|Any CPU
		Release|Any CPU = Release|Any CPU
	EndGlobalSection
	GlobalSection(ProjectConfigurationPlatforms) = postSolution
		{CEBFAC56-79BD-E98D-4C11-A75974B4151C}.Debug|Any CPU.ActiveCfg = Debug|Any CPU
		{CEBFAC56-79BD-E98D-4C11-A75974B4151C}.Debug|Any CPU.Build.0 = Debug|Any CPU
		{CEBFAC56-79BD-E98D-4C11-A75974B4151C}.Release|Any CPU.ActiveCfg = Release|Any CPU
		{CEBFAC56-79BD-E98D-4C11-A75974B4151C}.Release|Any CPU.Build.0 = Release|Any CPU
	EndGlobalSection
	GlobalSection(SolutionProperties) = preSolution
		HideSolutionNode = FALSE
	EndGlobalSection
	GlobalSection(ExtensibilityGlobals) = postSolution
		SolutionGuid = {E7235BC6-DA5A-4B13-A618-06403406E458}
	EndGlobalSection
EndGlobal
