Microsoft Visual Studio Solution File, Format Version 12.00
# Visual Studio Version 17
VisualStudioVersion = 17.5.2.0
MinimumVisualStudioVersion = 10.0.40219.1
Project("{FAE04EC0-301F-11D3-BF4B-00C04F79EFBC}") = "TrueCounsel.Infrastructure", "TrueCounsel.Infrastructure\TrueCounsel.Infrastructure.csproj", "{69E52DA5-5A05-E899-D2D0-549FD3CC459F}"
EndProject
Project("{FAE04EC0-301F-11D3-BF4B-00C04F79EFBC}") = "TrueCounsel.Domain", "TrueCounsel.Domain\TrueCounsel.Domain.csproj", "{4B5175E5-7D81-5476-8265-FCD6940D0A95}"
EndProject
Project("{FAE04EC0-301F-11D3-BF4B-00C04F79EFBC}") = "TrueCounsel.Application", "TrueCounsel.Application\TrueCounsel.Application.csproj", "{7B8076AF-D5C5-B828-8588-4827D2502CF0}"
EndProject
Project("{FAE04EC0-301F-11D3-BF4B-00C04F79EFBC}") = "TrueCounsel.API", "TrueCounsel.API\TrueCounsel.API.csproj", "{FA9CDEBC-FF5E-B00C-6D14-8B47A10B49D3}"
EndProject
Global
	GlobalSection(SolutionConfigurationPlatforms) = preSolution
		Debug|Any CPU = Debug|Any CPU
		Release|Any CPU = Release|Any CPU
	EndGlobalSection
	GlobalSection(ProjectConfigurationPlatforms) = postSolution
		{69E52DA5-5A05-E899-D2D0-549FD3CC459F}.Debug|Any CPU.ActiveCfg = Debug|Any CPU
		{69E52DA5-5A05-E899-D2D0-549FD3CC459F}.Debug|Any CPU.Build.0 = Debug|Any CPU
		{69E52DA5-5A05-E899-D2D0-549FD3CC459F}.Release|Any CPU.ActiveCfg = Release|Any CPU
		{69E52DA5-5A05-E899-D2D0-549FD3CC459F}.Release|Any CPU.Build.0 = Release|Any CPU
		{4B5175E5-7D81-5476-8265-FCD6940D0A95}.Debug|Any CPU.ActiveCfg = Debug|Any CPU
		{4B5175E5-7D81-5476-8265-FCD6940D0A95}.Debug|Any CPU.Build.0 = Debug|Any CPU
		{4B5175E5-7D81-5476-8265-FCD6940D0A95}.Release|Any CPU.ActiveCfg = Release|Any CPU
		{4B5175E5-7D81-5476-8265-FCD6940D0A95}.Release|Any CPU.Build.0 = Release|Any CPU
		{7B8076AF-D5C5-B828-8588-4827D2502CF0}.Debug|Any CPU.ActiveCfg = Debug|Any CPU
		{7B8076AF-D5C5-B828-8588-4827D2502CF0}.Debug|Any CPU.Build.0 = Debug|Any CPU
		{7B8076AF-D5C5-B828-8588-4827D2502CF0}.Release|Any CPU.ActiveCfg = Release|Any CPU
		{7B8076AF-D5C5-B828-8588-4827D2502CF0}.Release|Any CPU.Build.0 = Release|Any CPU
		{FA9CDEBC-FF5E-B00C-6D14-8B47A10B49D3}.Debug|Any CPU.ActiveCfg = Debug|Any CPU
		{FA9CDEBC-FF5E-B00C-6D14-8B47A10B49D3}.Debug|Any CPU.Build.0 = Debug|Any CPU
		{FA9CDEBC-FF5E-B00C-6D14-8B47A10B49D3}.Release|Any CPU.ActiveCfg = Release|Any CPU
		{FA9CDEBC-FF5E-B00C-6D14-8B47A10B49D3}.Release|Any CPU.Build.0 = Release|Any CPU
	EndGlobalSection
	GlobalSection(SolutionProperties) = preSolution
		HideSolutionNode = FALSE
	EndGlobalSection
	GlobalSection(ExtensibilityGlobals) = postSolution
		SolutionGuid = {562CB989-E87A-4646-9A71-7E92D15BFD5A}
	EndGlobalSection
EndGlobal
